
Microsoft Visual Studio Solution File, Format Version 12.00
# Visual Studio Version 17
VisualStudioVersion = 17.3.32929.385
MinimumVisualStudioVersion = 10.0.40219.1
Project("{FAE04EC0-301F-11D3-BF4B-00C04F79EFBC}") = "Petre_Mihai_Lab1", "Petre_Mihai_Lab1.csproj", "{F5C55A39-7BFF-4BED-BD32-067948BD9546}"
EndProject
Global
	GlobalSection(SolutionConfigurationPlatforms) = preSolution
		Debug|Any CPU = Debug|Any CPU
		Release|Any CPU = Release|Any CPU
	EndGlobalSection
	GlobalSection(ProjectConfigurationPlatforms) = postSolution
		{F5C55A39-7BFF-4BED-BD32-067948BD9546}.Debug|Any CPU.ActiveCfg = Debug|Any CPU
		{F5C55A39-7BFF-4BED-BD32-067948BD9546}.Debug|Any CPU.Build.0 = Debug|Any CPU
		{F5C55A39-7BFF-4BED-BD32-067948BD9546}.Release|Any CPU.ActiveCfg = Release|Any CPU
		{F5C55A39-7BFF-4BED-BD32-067948BD9546}.Release|Any CPU.Build.0 = Release|Any CPU
	EndGlobalSection
	GlobalSection(SolutionProperties) = preSolution
		HideSolutionNode = FALSE
	EndGlobalSection
	GlobalSection(ExtensibilityGlobals) = postSolution
		SolutionGuid = {DA7C1BCC-7C45-46EE-B61E-5D6BB94D16DB}
	EndGlobalSection
EndGlobal
